
Microsoft Visual Studio Solution File, Format Version 12.00
# Visual Studio Version 17
VisualStudioVersion = 17.12.35209.166
MinimumVisualStudioVersion = 10.0.40219.1
Project("{FAE04EC0-301F-11D3-BF4B-00C04F79EFBC}") = "BlazorWebAssemblyApp", "BlazorWebAssemblyApp\BlazorWebAssemblyApp.csproj", "{DEDA7CF7-2126-49EE-A770-68072F0287F5}"
EndProject
Project("{FAE04EC0-301F-11D3-BF4B-00C04F79EFBC}") = "PrerenderingDemo", "PrerenderingDemo\PrerenderingDemo.csproj", "{4A999D91-670E-4AB4-AB46-E6BBBFE459AD}"
EndProject
Project("{2150E333-8FDC-42A3-9474-1A3956D46DE8}") = "02 WebAssemblyStandaloneTemplate", "02 WebAssemblyStandaloneTemplate", "{1BC4332C-A169-4B5B-8843-833167CB82DE}"
EndProject
Project("{2150E333-8FDC-42A3-9474-1A3956D46DE8}") = "04 Prerendering", "04 Prerendering", "{55A56E46-7390-40C1-BCE8-9F5154E12CA2}"
EndProject
Project("{2150E333-8FDC-42A3-9474-1A3956D46DE8}") = "05 LazyLoading", "05 LazyLoading", "{748075D2-5549-4EF9-AF96-0F99EC137FD0}"
EndProject
Project("{FAE04EC0-301F-11D3-BF4B-00C04F79EFBC}") = "LazyLoadingDemo", "LazyLoadingDemo\LazyLoadingDemo.csproj", "{8447A28F-7165-4611-AB7E-8EF54B214272}"
EndProject
Project("{FAE04EC0-301F-11D3-BF4B-00C04F79EFBC}") = "LazyLoadedComponents", "LazyLoadedComponents\LazyLoadedComponents.csproj", "{697C93F7-565E-4900-B98E-F460EE83DE23}"
EndProject
Project("{2150E333-8FDC-42A3-9474-1A3956D46DE8}") = "06 Aot", "06 Aot", "{B1880C6B-588D-4566-93CB-C0EE9DD8C69A}"
EndProject
Project("{FAE04EC0-301F-11D3-BF4B-00C04F79EFBC}") = "AoTDemo", "AoTDemo\AoTDemo.csproj", "{EB9F84F4-695B-4CA9-9421-960BDF756517}"
EndProject
Project("{2150E333-8FDC-42A3-9474-1A3956D46DE8}") = "09 WebAssemblyLibraries", "09 WebAssemblyLibraries", "{7D2B93A6-7A04-493A-83A0-27424564CF41}"
EndProject
Project("{FAE04EC0-301F-11D3-BF4B-00C04F79EFBC}") = "WebAssemblyLibrariesDemo", "WebAssemblyLibrariesDemo\WebAssemblyLibrariesDemo.csproj", "{5733BEE3-4D18-4A6F-991A-C159F67F1D8D}"
EndProject
Project("{2150E333-8FDC-42A3-9474-1A3956D46DE8}") = "10 C", "10 C", "{AF5C1E96-EC34-4160-940D-A86245FDF411}"
EndProject
Project("{FAE04EC0-301F-11D3-BF4B-00C04F79EFBC}") = "CDEmo", "CDEmo\CDEmo.csproj", "{A30BF5F8-A63C-429B-866C-1DFE0BD24FB1}"
EndProject
Project("{2150E333-8FDC-42A3-9474-1A3956D46DE8}") = "08 Trimming", "08 Trimming", "{81701F1A-DCAB-4BC3-B85F-66F5D3D4554C}"
EndProject
Project("{FAE04EC0-301F-11D3-BF4B-00C04F79EFBC}") = "TrimmerDemo", "TrimmerDemo\TrimmerDemo.csproj", "{D377A9F0-ED05-4717-9FAA-66D435F0032D}"
EndProject
Project("{FAE04EC0-301F-11D3-BF4B-00C04F79EFBC}") = "TrimmedLibrary", "TrimmedLibrary\TrimmedLibrary.csproj", "{D8892F22-DA1F-4628-8B04-A7A18504BF6B}"
EndProject
Project("{2150E333-8FDC-42A3-9474-1A3956D46DE8}") = "11 JavaScript", "11 JavaScript", "{518794B7-AB8B-4E8A-95C6-E4D8D7B07FA7}"
EndProject
Project("{FAE04EC0-301F-11D3-BF4B-00C04F79EFBC}") = "JavaScriptDemo", "JavaScriptDemo\JavaScriptDemo.csproj", "{68F863EE-DA1C-411E-930F-7C55F3A96848}"
EndProject
Global
	GlobalSection(SolutionConfigurationPlatforms) = preSolution
		Debug|Any CPU = Debug|Any CPU
		Release|Any CPU = Release|Any CPU
	EndGlobalSection
	GlobalSection(ProjectConfigurationPlatforms) = postSolution
		{DEDA7CF7-2126-49EE-A770-68072F0287F5}.Debug|Any CPU.ActiveCfg = Debug|Any CPU
		{DEDA7CF7-2126-49EE-A770-68072F0287F5}.Debug|Any CPU.Build.0 = Debug|Any CPU
		{DEDA7CF7-2126-49EE-A770-68072F0287F5}.Release|Any CPU.ActiveCfg = Release|Any CPU
		{DEDA7CF7-2126-49EE-A770-68072F0287F5}.Release|Any CPU.Build.0 = Release|Any CPU
		{4A999D91-670E-4AB4-AB46-E6BBBFE459AD}.Debug|Any CPU.ActiveCfg = Debug|Any CPU
		{4A999D91-670E-4AB4-AB46-E6BBBFE459AD}.Debug|Any CPU.Build.0 = Debug|Any CPU
		{4A999D91-670E-4AB4-AB46-E6BBBFE459AD}.Release|Any CPU.ActiveCfg = Release|Any CPU
		{4A999D91-670E-4AB4-AB46-E6BBBFE459AD}.Release|Any CPU.Build.0 = Release|Any CPU
		{8447A28F-7165-4611-AB7E-8EF54B214272}.Debug|Any CPU.ActiveCfg = Debug|Any CPU
		{8447A28F-7165-4611-AB7E-8EF54B214272}.Debug|Any CPU.Build.0 = Debug|Any CPU
		{8447A28F-7165-4611-AB7E-8EF54B214272}.Release|Any CPU.ActiveCfg = Release|Any CPU
		{8447A28F-7165-4611-AB7E-8EF54B214272}.Release|Any CPU.Build.0 = Release|Any CPU
		{697C93F7-565E-4900-B98E-F460EE83DE23}.Debug|Any CPU.ActiveCfg = Debug|Any CPU
		{697C93F7-565E-4900-B98E-F460EE83DE23}.Debug|Any CPU.Build.0 = Debug|Any CPU
		{697C93F7-565E-4900-B98E-F460EE83DE23}.Release|Any CPU.ActiveCfg = Release|Any CPU
		{697C93F7-565E-4900-B98E-F460EE83DE23}.Release|Any CPU.Build.0 = Release|Any CPU
		{EB9F84F4-695B-4CA9-9421-960BDF756517}.Debug|Any CPU.ActiveCfg = Debug|Any CPU
		{EB9F84F4-695B-4CA9-9421-960BDF756517}.Debug|Any CPU.Build.0 = Debug|Any CPU
		{EB9F84F4-695B-4CA9-9421-960BDF756517}.Release|Any CPU.ActiveCfg = Release|Any CPU
		{EB9F84F4-695B-4CA9-9421-960BDF756517}.Release|Any CPU.Build.0 = Release|Any CPU
		{5733BEE3-4D18-4A6F-991A-C159F67F1D8D}.Debug|Any CPU.ActiveCfg = Debug|Any CPU
		{5733BEE3-4D18-4A6F-991A-C159F67F1D8D}.Debug|Any CPU.Build.0 = Debug|Any CPU
		{5733BEE3-4D18-4A6F-991A-C159F67F1D8D}.Release|Any CPU.ActiveCfg = Release|Any CPU
		{5733BEE3-4D18-4A6F-991A-C159F67F1D8D}.Release|Any CPU.Build.0 = Release|Any CPU
		{A30BF5F8-A63C-429B-866C-1DFE0BD24FB1}.Debug|Any CPU.ActiveCfg = Debug|Any CPU
		{A30BF5F8-A63C-429B-866C-1DFE0BD24FB1}.Debug|Any CPU.Build.0 = Debug|Any CPU
		{A30BF5F8-A63C-429B-866C-1DFE0BD24FB1}.Release|Any CPU.ActiveCfg = Release|Any CPU
		{A30BF5F8-A63C-429B-866C-1DFE0BD24FB1}.Release|Any CPU.Build.0 = Release|Any CPU
		{D377A9F0-ED05-4717-9FAA-66D435F0032D}.Debug|Any CPU.ActiveCfg = Debug|Any CPU
		{D377A9F0-ED05-4717-9FAA-66D435F0032D}.Debug|Any CPU.Build.0 = Debug|Any CPU
		{D377A9F0-ED05-4717-9FAA-66D435F0032D}.Release|Any CPU.ActiveCfg = Release|Any CPU
		{D377A9F0-ED05-4717-9FAA-66D435F0032D}.Release|Any CPU.Build.0 = Release|Any CPU
		{D8892F22-DA1F-4628-8B04-A7A18504BF6B}.Debug|Any CPU.ActiveCfg = Debug|Any CPU
		{D8892F22-DA1F-4628-8B04-A7A18504BF6B}.Debug|Any CPU.Build.0 = Debug|Any CPU
		{D8892F22-DA1F-4628-8B04-A7A18504BF6B}.Release|Any CPU.ActiveCfg = Release|Any CPU
		{D8892F22-DA1F-4628-8B04-A7A18504BF6B}.Release|Any CPU.Build.0 = Release|Any CPU
		{68F863EE-DA1C-411E-930F-7C55F3A96848}.Debug|Any CPU.ActiveCfg = Debug|Any CPU
		{68F863EE-DA1C-411E-930F-7C55F3A96848}.Debug|Any CPU.Build.0 = Debug|Any CPU
		{68F863EE-DA1C-411E-930F-7C55F3A96848}.Release|Any CPU.ActiveCfg = Release|Any CPU
		{68F863EE-DA1C-411E-930F-7C55F3A96848}.Release|Any CPU.Build.0 = Release|Any CPU
	EndGlobalSection
	GlobalSection(SolutionProperties) = preSolution
		HideSolutionNode = FALSE
	EndGlobalSection
	GlobalSection(NestedProjects) = preSolution
		{DEDA7CF7-2126-49EE-A770-68072F0287F5} = {1BC4332C-A169-4B5B-8843-833167CB82DE}
		{4A999D91-670E-4AB4-AB46-E6BBBFE459AD} = {55A56E46-7390-40C1-BCE8-9F5154E12CA2}
		{8447A28F-7165-4611-AB7E-8EF54B214272} = {748075D2-5549-4EF9-AF96-0F99EC137FD0}
		{697C93F7-565E-4900-B98E-F460EE83DE23} = {748075D2-5549-4EF9-AF96-0F99EC137FD0}
		{EB9F84F4-695B-4CA9-9421-960BDF756517} = {B1880C6B-588D-4566-93CB-C0EE9DD8C69A}
		{5733BEE3-4D18-4A6F-991A-C159F67F1D8D} = {7D2B93A6-7A04-493A-83A0-27424564CF41}
		{A30BF5F8-A63C-429B-866C-1DFE0BD24FB1} = {AF5C1E96-EC34-4160-940D-A86245FDF411}
		{D377A9F0-ED05-4717-9FAA-66D435F0032D} = {81701F1A-DCAB-4BC3-B85F-66F5D3D4554C}
		{D8892F22-DA1F-4628-8B04-A7A18504BF6B} = {81701F1A-DCAB-4BC3-B85F-66F5D3D4554C}
		{68F863EE-DA1C-411E-930F-7C55F3A96848} = {518794B7-AB8B-4E8A-95C6-E4D8D7B07FA7}
	EndGlobalSection
	GlobalSection(ExtensibilityGlobals) = postSolution
		SolutionGuid = {B3BCD1FD-A2EE-4258-83DB-2B0267A2F906}
	EndGlobalSection
EndGlobal
